
Microsoft Visual Studio Solution File, Format Version 12.00
# Visual Studio 15
VisualStudioVersion = 15.0.28307.1321
MinimumVisualStudioVersion = 10.0.40219.1
Project("{FAE04EC0-301F-11D3-BF4B-00C04F79EFBC}") = "DEMO", "DEMO\DEMO.csproj", "{C92920EF-A1E7-4264-AFC3-EEBC19F0889C}"
EndProject
Global
	GlobalSection(SolutionConfigurationPlatforms) = preSolution
		Debug|Any CPU = Debug|Any CPU
		Debug|x86 = Debug|x86
		Release|Any CPU = Release|Any CPU
		Release|x86 = Release|x86
		REMOTE|Any CPU = REMOTE|Any CPU
		REMOTE|x86 = REMOTE|x86
	EndGlobalSection
	GlobalSection(ProjectConfigurationPlatforms) = postSolution
		{C92920EF-A1E7-4264-AFC3-EEBC19F0889C}.Debug|Any CPU.ActiveCfg = Debug|Any CPU
		{C92920EF-A1E7-4264-AFC3-EEBC19F0889C}.Debug|Any CPU.Build.0 = Debug|Any CPU
		{C92920EF-A1E7-4264-AFC3-EEBC19F0889C}.Debug|x86.ActiveCfg = Debug|x86
		{C92920EF-A1E7-4264-AFC3-EEBC19F0889C}.Debug|x86.Build.0 = Debug|x86
		{C92920EF-A1E7-4264-AFC3-EEBC19F0889C}.Release|Any CPU.ActiveCfg = Release|Any CPU
		{C92920EF-A1E7-4264-AFC3-EEBC19F0889C}.Release|Any CPU.Build.0 = Release|Any CPU
		{C92920EF-A1E7-4264-AFC3-EEBC19F0889C}.Release|x86.ActiveCfg = Release|x86
		{C92920EF-A1E7-4264-AFC3-EEBC19F0889C}.Release|x86.Build.0 = Release|x86
		{C92920EF-A1E7-4264-AFC3-EEBC19F0889C}.REMOTE|Any CPU.ActiveCfg = REMOTE|Any CPU
		{C92920EF-A1E7-4264-AFC3-EEBC19F0889C}.REMOTE|Any CPU.Build.0 = REMOTE|Any CPU
		{C92920EF-A1E7-4264-AFC3-EEBC19F0889C}.REMOTE|x86.ActiveCfg = REMOTE|x86
		{C92920EF-A1E7-4264-AFC3-EEBC19F0889C}.REMOTE|x86.Build.0 = REMOTE|x86
	EndGlobalSection
	GlobalSection(SolutionProperties) = preSolution
		HideSolutionNode = FALSE
	EndGlobalSection
	GlobalSection(ExtensibilityGlobals) = postSolution
		SolutionGuid = {A489C276-268B-4515-AC8D-63DFB59719C8}
	EndGlobalSection
EndGlobal
