
Microsoft Visual Studio Solution File, Format Version 12.00
# Visual Studio 15
VisualStudioVersion = 15.0.28307.1321
MinimumVisualStudioVersion = 10.0.40219.1
Project("{FAE04EC0-301F-11D3-BF4B-00C04F79EFBC}") = "UploadDemo", "UploadDemo\UploadDemo.csproj", "{713505CB-B3F1-423A-BA68-0AD882DC7604}"
EndProject
Project("{FAE04EC0-301F-11D3-BF4B-00C04F79EFBC}") = "ClassLibrary1", "ClassLibrary1\ClassLibrary1.csproj", "{07E81865-78EE-4EA6-B88C-A2D0D0D99DAF}"
EndProject
Global
	GlobalSection(SolutionConfigurationPlatforms) = preSolution
		Debug|Any CPU = Debug|Any CPU
		Release|Any CPU = Release|Any CPU
	EndGlobalSection
	GlobalSection(ProjectConfigurationPlatforms) = postSolution
		{713505CB-B3F1-423A-BA68-0AD882DC7604}.Debug|Any CPU.ActiveCfg = Debug|Any CPU
		{713505CB-B3F1-423A-BA68-0AD882DC7604}.Debug|Any CPU.Build.0 = Debug|Any CPU
		{713505CB-B3F1-423A-BA68-0AD882DC7604}.Release|Any CPU.ActiveCfg = Release|Any CPU
		{713505CB-B3F1-423A-BA68-0AD882DC7604}.Release|Any CPU.Build.0 = Release|Any CPU
		{07E81865-78EE-4EA6-B88C-A2D0D0D99DAF}.Debug|Any CPU.ActiveCfg = Debug|Any CPU
		{07E81865-78EE-4EA6-B88C-A2D0D0D99DAF}.Debug|Any CPU.Build.0 = Debug|Any CPU
		{07E81865-78EE-4EA6-B88C-A2D0D0D99DAF}.Release|Any CPU.ActiveCfg = Release|Any CPU
		{07E81865-78EE-4EA6-B88C-A2D0D0D99DAF}.Release|Any CPU.Build.0 = Release|Any CPU
	EndGlobalSection
	GlobalSection(SolutionProperties) = preSolution
		HideSolutionNode = FALSE
	EndGlobalSection
	GlobalSection(ExtensibilityGlobals) = postSolution
		SolutionGuid = {D14C8190-7DE2-4E8C-A9B2-1BCA61141FC8}
	EndGlobalSection
EndGlobal
