
Microsoft Visual Studio Solution File, Format Version 12.00
# Visual Studio 15
VisualStudioVersion = 15.0.28307.1321
MinimumVisualStudioVersion = 10.0.40219.1
Project("{FAE04EC0-301F-11D3-BF4B-00C04F79EFBC}") = "localHost", "localHost\localHost.csproj", "{E7630407-9244-4964-9929-B4394484DBE9}"
EndProject
Global
	GlobalSection(SolutionConfigurationPlatforms) = preSolution
		Debug|Any CPU = Debug|Any CPU
		Release|Any CPU = Release|Any CPU
	EndGlobalSection
	GlobalSection(ProjectConfigurationPlatforms) = postSolution
		{E7630407-9244-4964-9929-B4394484DBE9}.Debug|Any CPU.ActiveCfg = Debug|Any CPU
		{E7630407-9244-4964-9929-B4394484DBE9}.Debug|Any CPU.Build.0 = Debug|Any CPU
		{E7630407-9244-4964-9929-B4394484DBE9}.Release|Any CPU.ActiveCfg = Release|Any CPU
		{E7630407-9244-4964-9929-B4394484DBE9}.Release|Any CPU.Build.0 = Release|Any CPU
	EndGlobalSection
	GlobalSection(SolutionProperties) = preSolution
		HideSolutionNode = FALSE
	EndGlobalSection
	GlobalSection(ExtensibilityGlobals) = postSolution
		SolutionGuid = {B1115D47-C123-4DA2-8292-502B585D6191}
	EndGlobalSection
EndGlobal
