
Microsoft Visual Studio Solution File, Format Version 12.00
# Visual Studio 15
VisualStudioVersion = 15.0.28307.1321
MinimumVisualStudioVersion = 10.0.40219.1
Project("{FAE04EC0-301F-11D3-BF4B-00C04F79EFBC}") = "boardMVC", "boardMVC\boardMVC.csproj", "{B5D3F42B-CE0F-435E-BCAE-A959F7835198}"
EndProject
Project("{FAE04EC0-301F-11D3-BF4B-00C04F79EFBC}") = "DUI", "DUI\DUI.csproj", "{4A684DB3-A2A8-4A82-9131-231561C48674}"
EndProject
Global
	GlobalSection(SolutionConfigurationPlatforms) = preSolution
		Debug|Any CPU = Debug|Any CPU
		Release|Any CPU = Release|Any CPU
	EndGlobalSection
	GlobalSection(ProjectConfigurationPlatforms) = postSolution
		{B5D3F42B-CE0F-435E-BCAE-A959F7835198}.Debug|Any CPU.ActiveCfg = Debug|Any CPU
		{B5D3F42B-CE0F-435E-BCAE-A959F7835198}.Debug|Any CPU.Build.0 = Debug|Any CPU
		{B5D3F42B-CE0F-435E-BCAE-A959F7835198}.Release|Any CPU.ActiveCfg = Release|Any CPU
		{B5D3F42B-CE0F-435E-BCAE-A959F7835198}.Release|Any CPU.Build.0 = Release|Any CPU
		{4A684DB3-A2A8-4A82-9131-231561C48674}.Debug|Any CPU.ActiveCfg = Debug|Any CPU
		{4A684DB3-A2A8-4A82-9131-231561C48674}.Debug|Any CPU.Build.0 = Debug|Any CPU
		{4A684DB3-A2A8-4A82-9131-231561C48674}.Release|Any CPU.ActiveCfg = Release|Any CPU
		{4A684DB3-A2A8-4A82-9131-231561C48674}.Release|Any CPU.Build.0 = Release|Any CPU
	EndGlobalSection
	GlobalSection(SolutionProperties) = preSolution
		HideSolutionNode = FALSE
	EndGlobalSection
	GlobalSection(ExtensibilityGlobals) = postSolution
		SolutionGuid = {2186F1A4-575C-44C2-898F-0B57420259E4}
	EndGlobalSection
EndGlobal
